
Microsoft Visual Studio Solution File, Format Version 12.00
# Visual Studio Version 16
VisualStudioVersion = 16.0.30611.23
MinimumVisualStudioVersion = 10.0.40219.1
Project("{FAE04EC0-301F-11D3-BF4B-00C04F79EFBC}") = "CheckedList", "CheckedList\CheckedList.csproj", "{9C4FC312-64D3-4936-BA2F-623996C73D0A}"
EndProject
Global
	GlobalSection(SolutionConfigurationPlatforms) = preSolution
		Debug|Any CPU = Debug|Any CPU
		Release|Any CPU = Release|Any CPU
	EndGlobalSection
	GlobalSection(ProjectConfigurationPlatforms) = postSolution
		{9C4FC312-64D3-4936-BA2F-623996C73D0A}.Debug|Any CPU.ActiveCfg = Debug|Any CPU
		{9C4FC312-64D3-4936-BA2F-623996C73D0A}.Debug|Any CPU.Build.0 = Debug|Any CPU
		{9C4FC312-64D3-4936-BA2F-623996C73D0A}.Release|Any CPU.ActiveCfg = Release|Any CPU
		{9C4FC312-64D3-4936-BA2F-623996C73D0A}.Release|Any CPU.Build.0 = Release|Any CPU
	EndGlobalSection
	GlobalSection(SolutionProperties) = preSolution
		HideSolutionNode = FALSE
	EndGlobalSection
	GlobalSection(ExtensibilityGlobals) = postSolution
		SolutionGuid = {7AAF8C46-281F-439F-B1B4-2837CBF2AD73}
	EndGlobalSection
EndGlobal
